// !$*UTF8*$!
{
	archiveVersion = 1;
	classes = {
	};
	objectVersion = 50;
	objects = {

/* Begin PBXBuildFile section */
		04DF31C22679C155007F2980 /* AppDelegate.swift in Sources */ = {isa = PBXBuildFile; fileRef = 04DF31C12679C155007F2980 /* AppDelegate.swift */; };
		04DF31C42679C155007F2980 /* SceneDelegate.swift in Sources */ = {isa = PBXBuildFile; fileRef = 04DF31C32679C155007F2980 /* SceneDelegate.swift */; };
		04DF31C62679C155007F2980 /* ViewController.swift in Sources */ = {isa = PBXBuildFile; fileRef = 04DF31C52679C155007F2980 /* ViewController.swift */; };
		04DF31C92679C155007F2980 /* Main.storyboard in Resources */ = {isa = PBXBuildFile; fileRef = 04DF31C72679C155007F2980 /* Main.storyboard */; };
		04DF31CC2679C155007F2980 /* myApp.xcdatamodeld in Sources */ = {isa = PBXBuildFile; fileRef = 04DF31CA2679C155007F2980 /* myApp.xcdatamodeld */; };
		04DF31CE2679C156007F2980 /* Assets.xcassets in Resources */ = {isa = PBXBuildFile; fileRef = 04DF31CD2679C156007F2980 /* Assets.xcassets */; };
		04DF31D12679C156007F2980 /* LaunchScreen.storyboard in Resources */ = {isa = PBXBuildFile; fileRef = 04DF31CF2679C156007F2980 /* LaunchScreen.storyboard */; };
		04DF31DC2679C156007F2980 /* myAppTests.swift in Sources */ = {isa = PBXBuildFile; fileRef = 04DF31DB2679C156007F2980 /* myAppTests.swift */; };
		04DF31E72679C157007F2980 /* myAppUITests.swift in Sources */ = {isa = PBXBuildFile; fileRef = 04DF31E62679C157007F2980 /* myAppUITests.swift */; };
		0D96C9EBC88C3218E278E469 /* Pods_myApp.framework in Frameworks */ = {isa = PBXBuildFile; fileRef = AB0B28278E05A3B0B7E6C648 /* Pods_myApp.framework */; };
		0FD48A6C212491F56202995D /* Pods_myAppTests.framework in Frameworks */ = {isa = PBXBuildFile; fileRef = D345EE2FEB797D11C5B63D50 /* Pods_myAppTests.framework */; };
		8AD240E0C325BB7596B2990B /* Pods_myApp_myAppUITests.framework in Frameworks */ = {isa = PBXBuildFile; fileRef = D350FA4E46B7C982915892AF /* Pods_myApp_myAppUITests.framework */; };
/* End PBXBuildFile section */

/* Begin PBXContainerItemProxy section */
		04DF31D82679C156007F2980 /* PBXContainerItemProxy */ = {
			isa = PBXContainerItemProxy;
			containerPortal = 04DF31B62679C155007F2980 /* Project object */;
			proxyType = 1;
			remoteGlobalIDString = 04DF31BD2679C155007F2980;
			remoteInfo = myApp;
		};
		04DF31E32679C157007F2980 /* PBXContainerItemProxy */ = {
			isa = PBXContainerItemProxy;
			containerPortal = 04DF31B62679C155007F2980 /* Project object */;
			proxyType = 1;
			remoteGlobalIDString = 04DF31BD2679C155007F2980;
			remoteInfo = myApp;
		};
/* End PBXContainerItemProxy section */

/* Begin PBXFileReference section */
		04DF31BE2679C155007F2980 /* myApp.app */ = {isa = PBXFileReference; explicitFileType = wrapper.application; includeInIndex = 0; path = myApp.app; sourceTree = BUILT_PRODUCTS_DIR; };
		04DF31C12679C155007F2980 /* AppDelegate.swift */ = {isa = PBXFileReference; lastKnownFileType = sourcecode.swift; path = AppDelegate.swift; sourceTree = "<group>"; };
		04DF31C32679C155007F2980 /* SceneDelegate.swift */ = {isa = PBXFileReference; lastKnownFileType = sourcecode.swift; path = SceneDelegate.swift; sourceTree = "<group>"; };
		04DF31C52679C155007F2980 /* ViewController.swift */ = {isa = PBXFileReference; lastKnownFileType = sourcecode.swift; path = ViewController.swift; sourceTree = "<group>"; };
		04DF31C82679C155007F2980 /* Base */ = {isa = PBXFileReference; lastKnownFileType = file.storyboard; name = Base; path = Base.lproj/Main.storyboard; sourceTree = "<group>"; };
		04DF31CB2679C155007F2980 /* myApp.xcdatamodel */ = {isa = PBXFileReference; lastKnownFileType = wrapper.xcdatamodel; path = myApp.xcdatamodel; sourceTree = "<group>"; };
		04DF31CD2679C156007F2980 /* Assets.xcassets */ = {isa = PBXFileReference; lastKnownFileType = folder.assetcatalog; path = Assets.xcassets; sourceTree = "<group>"; };
		04DF31D02679C156007F2980 /* Base */ = {isa = PBXFileReference; lastKnownFileType = file.storyboard; name = Base; path = Base.lproj/LaunchScreen.storyboard; sourceTree = "<group>"; };
		04DF31D22679C156007F2980 /* Info.plist */ = {isa = PBXFileReference; lastKnownFileType = text.plist.xml; path = Info.plist; sourceTree = "<group>"; };
		04DF31D72679C156007F2980 /* myAppTests.xctest */ = {isa = PBXFileReference; explicitFileType = wrapper.cfbundle; includeInIndex = 0; path = myAppTests.xctest; sourceTree = BUILT_PRODUCTS_DIR; };
		04DF31DB2679C156007F2980 /* myAppTests.swift */ = {isa = PBXFileReference; lastKnownFileType = sourcecode.swift; path = myAppTests.swift; sourceTree = "<group>"; };
		04DF31DD2679C156007F2980 /* Info.plist */ = {isa = PBXFileReference; lastKnownFileType = text.plist.xml; path = Info.plist; sourceTree = "<group>"; };
		04DF31E22679C157007F2980 /* myAppUITests.xctest */ = {isa = PBXFileReference; explicitFileType = wrapper.cfbundle; includeInIndex = 0; path = myAppUITests.xctest; sourceTree = BUILT_PRODUCTS_DIR; };
		04DF31E62679C157007F2980 /* myAppUITests.swift */ = {isa = PBXFileReference; lastKnownFileType = sourcecode.swift; path = myAppUITests.swift; sourceTree = "<group>"; };
		04DF31E82679C157007F2980 /* Info.plist */ = {isa = PBXFileReference; lastKnownFileType = text.plist.xml; path = Info.plist; sourceTree = "<group>"; };
		1BA8C039D96119D13ABA60C8 /* Pods-myAppTests.debug.xcconfig */ = {isa = PBXFileReference; includeInIndex = 1; lastKnownFileType = text.xcconfig; name = "Pods-myAppTests.debug.xcconfig"; path = "Target Support Files/Pods-myAppTests/Pods-myAppTests.debug.xcconfig"; sourceTree = "<group>"; };
		21A38D7D92303FCFC21B0669 /* Pods-myApp-myAppUITests.release.xcconfig */ = {isa = PBXFileReference; includeInIndex = 1; lastKnownFileType = text.xcconfig; name = "Pods-myApp-myAppUITests.release.xcconfig"; path = "Target Support Files/Pods-myApp-myAppUITests/Pods-myApp-myAppUITests.release.xcconfig"; sourceTree = "<group>"; };
		2F6C025CA23A02D9E7351BED /* Pods-myAppTests.release.xcconfig */ = {isa = PBXFileReference; includeInIndex = 1; lastKnownFileType = text.xcconfig; name = "Pods-myAppTests.release.xcconfig"; path = "Target Support Files/Pods-myAppTests/Pods-myAppTests.release.xcconfig"; sourceTree = "<group>"; };
		58C5C017E4409852CDED3E1D /* Pods-myApp.debug.xcconfig */ = {isa = PBXFileReference; includeInIndex = 1; lastKnownFileType = text.xcconfig; name = "Pods-myApp.debug.xcconfig"; path = "Target Support Files/Pods-myApp/Pods-myApp.debug.xcconfig"; sourceTree = "<group>"; };
		AB0B28278E05A3B0B7E6C648 /* Pods_myApp.framework */ = {isa = PBXFileReference; explicitFileType = wrapper.framework; includeInIndex = 0; path = Pods_myApp.framework; sourceTree = BUILT_PRODUCTS_DIR; };
		D345EE2FEB797D11C5B63D50 /* Pods_myAppTests.framework */ = {isa = PBXFileReference; explicitFileType = wrapper.framework; includeInIndex = 0; path = Pods_myAppTests.framework; sourceTree = BUILT_PRODUCTS_DIR; };
		D350FA4E46B7C982915892AF /* Pods_myApp_myAppUITests.framework */ = {isa = PBXFileReference; explicitFileType = wrapper.framework; includeInIndex = 0; path = Pods_myApp_myAppUITests.framework; sourceTree = BUILT_PRODUCTS_DIR; };
		F4FAB8BD24AE9109383CBBE0 /* Pods-myApp.release.xcconfig */ = {isa = PBXFileReference; includeInIndex = 1; lastKnownFileType = text.xcconfig; name = "Pods-myApp.release.xcconfig"; path = "Target Support Files/Pods-myApp/Pods-myApp.release.xcconfig"; sourceTree = "<group>"; };
		FE9C5D542C8C61FA21109B75 /* Pods-myApp-myAppUITests.debug.xcconfig */ = {isa = PBXFileReference; includeInIndex = 1; lastKnownFileType = text.xcconfig; name = "Pods-myApp-myAppUITests.debug.xcconfig"; path = "Target Support Files/Pods-myApp-myAppUITests/Pods-myApp-myAppUITests.debug.xcconfig"; sourceTree = "<group>"; };
/* End PBXFileReference section */

/* Begin PBXFrameworksBuildPhase section */
		04DF31BB2679C155007F2980 /* Frameworks */ = {
			isa = PBXFrameworksBuildPhase;
			buildActionMask = 2147483647;
			files = (
				0D96C9EBC88C3218E278E469 /* Pods_myApp.framework in Frameworks */,
			);
			runOnlyForDeploymentPostprocessing = 0;
		};
		04DF31D42679C156007F2980 /* Frameworks */ = {
			isa = PBXFrameworksBuildPhase;
			buildActionMask = 2147483647;
			files = (
				0FD48A6C212491F56202995D /* Pods_myAppTests.framework in Frameworks */,
			);
			runOnlyForDeploymentPostprocessing = 0;
		};
		04DF31DF2679C157007F2980 /* Frameworks */ = {
			isa = PBXFrameworksBuildPhase;
			buildActionMask = 2147483647;
			files = (
				8AD240E0C325BB7596B2990B /* Pods_myApp_myAppUITests.framework in Frameworks */,
			);
			runOnlyForDeploymentPostprocessing = 0;
		};
/* End PBXFrameworksBuildPhase section */

/* Begin PBXGroup section */
		04DF31B52679C155007F2980 = {
			isa = PBXGroup;
			children = (
				04DF31C02679C155007F2980 /* myApp */,
				04DF31DA2679C156007F2980 /* myAppTests */,
				04DF31E52679C157007F2980 /* myAppUITests */,
				04DF31BF2679C155007F2980 /* Products */,
				B3AE7E270779264A97D17C7C /* Pods */,
				A9276661D6A783FF0DC1A26F /* Frameworks */,
			);
			sourceTree = "<group>";
		};
		04DF31BF2679C155007F2980 /* Products */ = {
			isa = PBXGroup;
			children = (
				04DF31BE2679C155007F2980 /* myApp.app */,
				04DF31D72679C156007F2980 /* myAppTests.xctest */,
				04DF31E22679C157007F2980 /* myAppUITests.xctest */,
			);
			name = Products;
			sourceTree = "<group>";
		};
		04DF31C02679C155007F2980 /* myApp */ = {
			isa = PBXGroup;
			children = (
				04DF31C12679C155007F2980 /* AppDelegate.swift */,
				04DF31C32679C155007F2980 /* SceneDelegate.swift */,
				04DF31C52679C155007F2980 /* ViewController.swift */,
				04DF31C72679C155007F2980 /* Main.storyboard */,
				04DF31CD2679C156007F2980 /* Assets.xcassets */,
				04DF31CF2679C156007F2980 /* LaunchScreen.storyboard */,
				04DF31D22679C156007F2980 /* Info.plist */,
				04DF31CA2679C155007F2980 /* myApp.xcdatamodeld */,
			);
			path = myApp;
			sourceTree = "<group>";
		};
		04DF31DA2679C156007F2980 /* myAppTests */ = {
			isa = PBXGroup;
			children = (
				04DF31DB2679C156007F2980 /* myAppTests.swift */,
				04DF31DD2679C156007F2980 /* Info.plist */,
			);
			path = myAppTests;
			sourceTree = "<group>";
		};
		04DF31E52679C157007F2980 /* myAppUITests */ = {
			isa = PBXGroup;
			children = (
				04DF31E62679C157007F2980 /* myAppUITests.swift */,
				04DF31E82679C157007F2980 /* Info.plist */,
			);
			path = myAppUITests;
			sourceTree = "<group>";
		};
		A9276661D6A783FF0DC1A26F /* Frameworks */ = {
			isa = PBXGroup;
			children = (
				AB0B28278E05A3B0B7E6C648 /* Pods_myApp.framework */,
				D350FA4E46B7C982915892AF /* Pods_myApp_myAppUITests.framework */,
				D345EE2FEB797D11C5B63D50 /* Pods_myAppTests.framework */,
			);
			name = Frameworks;
			sourceTree = "<group>";
		};
		B3AE7E270779264A97D17C7C /* Pods */ = {
			isa = PBXGroup;
			children = (
				58C5C017E4409852CDED3E1D /* Pods-myApp.debug.xcconfig */,
				F4FAB8BD24AE9109383CBBE0 /* Pods-myApp.release.xcconfig */,
				FE9C5D542C8C61FA21109B75 /* Pods-myApp-myAppUITests.debug.xcconfig */,
				21A38D7D92303FCFC21B0669 /* Pods-myApp-myAppUITests.release.xcconfig */,
				1BA8C039D96119D13ABA60C8 /* Pods-myAppTests.debug.xcconfig */,
				2F6C025CA23A02D9E7351BED /* Pods-myAppTests.release.xcconfig */,
			);
			name = Pods;
			path = Pods;
			sourceTree = "<group>";
		};
/* End PBXGroup section */

/* Begin PBXNativeTarget section */
		04DF31BD2679C155007F2980 /* myApp */ = {
			isa = PBXNativeTarget;
			buildConfigurationList = 04DF31EB2679C157007F2980 /* Build configuration list for PBXNativeTarget "myApp" */;
			buildPhases = (
				BFE5E7546033BE56C9F60A9D /* [CP] Check Pods Manifest.lock */,
				04DF31BA2679C155007F2980 /* Sources */,
				04DF31BB2679C155007F2980 /* Frameworks */,
				04DF31BC2679C155007F2980 /* Resources */,
			);
			buildRules = (
			);
			dependencies = (
			);
			name = myApp;
			productName = myApp;
			productReference = 04DF31BE2679C155007F2980 /* myApp.app */;
			productType = "com.apple.product-type.application";
		};
		04DF31D62679C156007F2980 /* myAppTests */ = {
			isa = PBXNativeTarget;
			buildConfigurationList = 04DF31EE2679C157007F2980 /* Build configuration list for PBXNativeTarget "myAppTests" */;
			buildPhases = (
				5FA26D6125A0D67E7F3E57B0 /* [CP] Check Pods Manifest.lock */,
				04DF31D32679C156007F2980 /* Sources */,
				04DF31D42679C156007F2980 /* Frameworks */,
				04DF31D52679C156007F2980 /* Resources */,
				955AD66CA74F2433CB41DD87 /* [CP] Embed Pods Frameworks */,
			);
			buildRules = (
			);
			dependencies = (
				04DF31D92679C156007F2980 /* PBXTargetDependency */,
			);
			name = myAppTests;
			productName = myAppTests;
			productReference = 04DF31D72679C156007F2980 /* myAppTests.xctest */;
			productType = "com.apple.product-type.bundle.unit-test";
		};
		04DF31E12679C157007F2980 /* myAppUITests */ = {
			isa = PBXNativeTarget;
			buildConfigurationList = 04DF31F12679C157007F2980 /* Build configuration list for PBXNativeTarget "myAppUITests" */;
			buildPhases = (
				098AEEDF6C402773B301EDD0 /* [CP] Check Pods Manifest.lock */,
				04DF31DE2679C157007F2980 /* Sources */,
				04DF31DF2679C157007F2980 /* Frameworks */,
				04DF31E02679C157007F2980 /* Resources */,
			);
			buildRules = (
			);
			dependencies = (
				04DF31E42679C157007F2980 /* PBXTargetDependency */,
			);
			name = myAppUITests;
			productName = myAppUITests;
			productReference = 04DF31E22679C157007F2980 /* myAppUITests.xctest */;
			productType = "com.apple.product-type.bundle.ui-testing";
		};
/* End PBXNativeTarget section */

/* Begin PBXProject section */
		04DF31B62679C155007F2980 /* Project object */ = {
			isa = PBXProject;
			attributes = {
				LastSwiftUpdateCheck = 1230;
				LastUpgradeCheck = 1230;
				TargetAttributes = {
					04DF31BD2679C155007F2980 = {
						CreatedOnToolsVersion = 12.3;
					};
					04DF31D62679C156007F2980 = {
						CreatedOnToolsVersion = 12.3;
						TestTargetID = 04DF31BD2679C155007F2980;
					};
					04DF31E12679C157007F2980 = {
						CreatedOnToolsVersion = 12.3;
						TestTargetID = 04DF31BD2679C155007F2980;
					};
				};
			};
			buildConfigurationList = 04DF31B92679C155007F2980 /* Build configuration list for PBXProject "myApp" */;
			compatibilityVersion = "Xcode 9.3";
			developmentRegion = en;
			hasScannedForEncodings = 0;
			knownRegions = (
				en,
				Base,
			);
			mainGroup = 04DF31B52679C155007F2980;
			productRefGroup = 04DF31BF2679C155007F2980 /* Products */;
			projectDirPath = "";
			projectRoot = "";
			targets = (
				04DF31BD2679C155007F2980 /* myApp */,
				04DF31D62679C156007F2980 /* myAppTests */,
				04DF31E12679C157007F2980 /* myAppUITests */,
			);
		};
/* End PBXProject section */

/* Begin PBXResourcesBuildPhase section */
		04DF31BC2679C155007F2980 /* Resources */ = {
			isa = PBXResourcesBuildPhase;
			buildActionMask = 2147483647;
			files = (
				04DF31D12679C156007F2980 /* LaunchScreen.storyboard in Resources */,
				04DF31CE2679C156007F2980 /* Assets.xcassets in Resources */,
				04DF31C92679C155007F2980 /* Main.storyboard in Resources */,
			);
			runOnlyForDeploymentPostprocessing = 0;
		};
		04DF31D52679C156007F2980 /* Resources */ = {
			isa = PBXResourcesBuildPhase;
			buildActionMask = 2147483647;
			files = (
			);
			runOnlyForDeploymentPostprocessing = 0;
		};
		04DF31E02679C157007F2980 /* Resources */ = {
			isa = PBXResourcesBuildPhase;
			buildActionMask = 2147483647;
			files = (
			);
			runOnlyForDeploymentPostprocessing = 0;
		};
/* End PBXResourcesBuildPhase section */

/* Begin PBXShellScriptBuildPhase section */
		098AEEDF6C402773B301EDD0 /* [CP] Check Pods Manifest.lock */ = {
			isa = PBXShellScriptBuildPhase;
			buildActionMask = 2147483647;
			files = (
			);
			inputFileListPaths = (
			);
			inputPaths = (
				"${PODS_PODFILE_DIR_PATH}/Podfile.lock",
				"${PODS_ROOT}/Manifest.lock",
			);
			name = "[CP] Check Pods Manifest.lock";
			outputFileListPaths = (
			);
			outputPaths = (
				"$(DERIVED_FILE_DIR)/Pods-myApp-myAppUITests-checkManifestLockResult.txt",
			);
			runOnlyForDeploymentPostprocessing = 0;
			shellPath = /bin/sh;
			shellScript = "diff \"${PODS_PODFILE_DIR_PATH}/Podfile.lock\" \"${PODS_ROOT}/Manifest.lock\" > /dev/null\nif [ $? != 0 ] ; then\n    # print error to STDERR\n    echo \"error: The sandbox is not in sync with the Podfile.lock. Run 'pod install' or update your CocoaPods installation.\" >&2\n    exit 1\nfi\n# This output is used by Xcode 'outputs' to avoid re-running this script phase.\necho \"SUCCESS\" > \"${SCRIPT_OUTPUT_FILE_0}\"\n";
			showEnvVarsInLog = 0;
		};
		5FA26D6125A0D67E7F3E57B0 /* [CP] Check Pods Manifest.lock */ = {
			isa = PBXShellScriptBuildPhase;
			buildActionMask = 2147483647;
			files = (
			);
			inputFileListPaths = (
			);
			inputPaths = (
				"${PODS_PODFILE_DIR_PATH}/Podfile.lock",
				"${PODS_ROOT}/Manifest.lock",
			);
			name = "[CP] Check Pods Manifest.lock";
			outputFileListPaths = (
			);
			outputPaths = (
				"$(DERIVED_FILE_DIR)/Pods-myAppTests-checkManifestLockResult.txt",
			);
			runOnlyForDeploymentPostprocessing = 0;
			shellPath = /bin/sh;
			shellScript = "diff \"${PODS_PODFILE_DIR_PATH}/Podfile.lock\" \"${PODS_ROOT}/Manifest.lock\" > /dev/null\nif [ $? != 0 ] ; then\n    # print error to STDERR\n    echo \"error: The sandbox is not in sync with the Podfile.lock. Run 'pod install' or update your CocoaPods installation.\" >&2\n    exit 1\nfi\n# This output is used by Xcode 'outputs' to avoid re-running this script phase.\necho \"SUCCESS\" > \"${SCRIPT_OUTPUT_FILE_0}\"\n";
			showEnvVarsInLog = 0;
		};
		955AD66CA74F2433CB41DD87 /* [CP] Embed Pods Frameworks */ = {
			isa = PBXShellScriptBuildPhase;
			buildActionMask = 2147483647;
			files = (
			);
			inputFileListPaths = (
				"${PODS_ROOT}/Target Support Files/Pods-myAppTests/Pods-myAppTests-frameworks-${CONFIGURATION}-input-files.xcfilelist",
			);
			name = "[CP] Embed Pods Frameworks";
			outputFileListPaths = (
				"${PODS_ROOT}/Target Support Files/Pods-myAppTests/Pods-myAppTests-frameworks-${CONFIGURATION}-output-files.xcfilelist",
			);
			runOnlyForDeploymentPostprocessing = 0;
			shellPath = /bin/sh;
			shellScript = "\"${PODS_ROOT}/Target Support Files/Pods-myAppTests/Pods-myAppTests-frameworks.sh\"\n";
			showEnvVarsInLog = 0;
		};
		BFE5E7546033BE56C9F60A9D /* [CP] Check Pods Manifest.lock */ = {
			isa = PBXShellScriptBuildPhase;
			buildActionMask = 2147483647;
			files = (
			);
			inputFileListPaths = (
			);
			inputPaths = (
				"${PODS_PODFILE_DIR_PATH}/Podfile.lock",
				"${PODS_ROOT}/Manifest.lock",
			);
			name = "[CP] Check Pods Manifest.lock";
			outputFileListPaths = (
			);
			outputPaths = (
				"$(DERIVED_FILE_DIR)/Pods-myApp-checkManifestLockResult.txt",
			);
			runOnlyForDeploymentPostprocessing = 0;
			shellPath = /bin/sh;
			shellScript = "diff \"${PODS_PODFILE_DIR_PATH}/Podfile.lock\" \"${PODS_ROOT}/Manifest.lock\" > /dev/null\nif [ $? != 0 ] ; then\n    # print error to STDERR\n    echo \"error: The sandbox is not in sync with the Podfile.lock. Run 'pod install' or update your CocoaPods installation.\" >&2\n    exit 1\nfi\n# This output is used by Xcode 'outputs' to avoid re-running this script phase.\necho \"SUCCESS\" > \"${SCRIPT_OUTPUT_FILE_0}\"\n";
			showEnvVarsInLog = 0;
		};
/* End PBXShellScriptBuildPhase section */

/* Begin PBXSourcesBuildPhase section */
		04DF31BA2679C155007F2980 /* Sources */ = {
			isa = PBXSourcesBuildPhase;
			buildActionMask = 2147483647;
			files = (
				04DF31C62679C155007F2980 /* ViewController.swift in Sources */,
				04DF31CC2679C155007F2980 /* myApp.xcdatamodeld in Sources */,
				04DF31C22679C155007F2980 /* AppDelegate.swift in Sources */,
				04DF31C42679C155007F2980 /* SceneDelegate.swift in Sources */,
			);
			runOnlyForDeploymentPostprocessing = 0;
		};
		04DF31D32679C156007F2980 /* Sources */ = {
			isa = PBXSourcesBuildPhase;
			buildActionMask = 2147483647;
			files = (
				04DF31DC2679C156007F2980 /* myAppTests.swift in Sources */,
			);
			runOnlyForDeploymentPostprocessing = 0;
		};
		04DF31DE2679C157007F2980 /* Sources */ = {
			isa = PBXSourcesBuildPhase;
			buildActionMask = 2147483647;
			files = (
				04DF31E72679C157007F2980 /* myAppUITests.swift in Sources */,
			);
			runOnlyForDeploymentPostprocessing = 0;
		};
/* End PBXSourcesBuildPhase section */

/* Begin PBXTargetDependency section */
		04DF31D92679C156007F2980 /* PBXTargetDependency */ = {
			isa = PBXTargetDependency;
			target = 04DF31BD2679C155007F2980 /* myApp */;
			targetProxy = 04DF31D82679C156007F2980 /* PBXContainerItemProxy */;
		};
		04DF31E42679C157007F2980 /* PBXTargetDependency */ = {
			isa = PBXTargetDependency;
			target = 04DF31BD2679C155007F2980 /* myApp */;
			targetProxy = 04DF31E32679C157007F2980 /* PBXContainerItemProxy */;
		};
/* End PBXTargetDependency section */

/* Begin PBXVariantGroup section */
		04DF31C72679C155007F2980 /* Main.storyboard */ = {
			isa = PBXVariantGroup;
			children = (
				04DF31C82679C155007F2980 /* Base */,
			);
			name = Main.storyboard;
			sourceTree = "<group>";
		};
		04DF31CF2679C156007F2980 /* LaunchScreen.storyboard */ = {
			isa = PBXVariantGroup;
			children = (
				04DF31D02679C156007F2980 /* Base */,
			);
			name = LaunchScreen.storyboard;
			sourceTree = "<group>";
		};
/* End PBXVariantGroup section */

/* Begin XCBuildConfiguration section */
		04DF31E92679C157007F2980 /* Debug */ = {
			isa = XCBuildConfiguration;
			buildSettings = {
				ALWAYS_SEARCH_USER_PATHS = NO;
				CLANG_ANALYZER_NONNULL = YES;
				CLANG_ANALYZER_NUMBER_OBJECT_CONVERSION = YES_AGGRESSIVE;
				CLANG_CXX_LANGUAGE_STANDARD = "gnu++14";
				CLANG_CXX_LIBRARY = "libc++";
				CLANG_ENABLE_MODULES = YES;
				CLANG_ENABLE_OBJC_ARC = YES;
				CLANG_ENABLE_OBJC_WEAK = YES;
				CLANG_WARN_BLOCK_CAPTURE_AUTORELEASING = YES;
				CLANG_WARN_BOOL_CONVERSION = YES;
				CLANG_WARN_COMMA = YES;
				CLANG_WARN_CONSTANT_CONVERSION = YES;
				CLANG_WARN_DEPRECATED_OBJC_IMPLEMENTATIONS = YES;
				CLANG_WARN_DIRECT_OBJC_ISA_USAGE = YES_ERROR;
				CLANG_WARN_DOCUMENTATION_COMMENTS = YES;
				CLANG_WARN_EMPTY_BODY = YES;
				CLANG_WARN_ENUM_CONVERSION = YES;
				CLANG_WARN_INFINITE_RECURSION = YES;
				CLANG_WARN_INT_CONVERSION = YES;
				CLANG_WARN_NON_LITERAL_NULL_CONVERSION = YES;
				CLANG_WARN_OBJC_IMPLICIT_RETAIN_SELF = YES;
				CLANG_WARN_OBJC_LITERAL_CONVERSION = YES;
				CLANG_WARN_OBJC_ROOT_CLASS = YES_ERROR;
				CLANG_WARN_QUOTED_INCLUDE_IN_FRAMEWORK_HEADER = YES;
				CLANG_WARN_RANGE_LOOP_ANALYSIS = YES;
				CLANG_WARN_STRICT_PROTOTYPES = YES;
				CLANG_WARN_SUSPICIOUS_MOVE = YES;
				CLANG_WARN_UNGUARDED_AVAILABILITY = YES_AGGRESSIVE;
				CLANG_WARN_UNREACHABLE_CODE = YES;
				CLANG_WARN__DUPLICATE_METHOD_MATCH = YES;
				COPY_PHASE_STRIP = NO;
				DEBUG_INFORMATION_FORMAT = dwarf;
				ENABLE_STRICT_OBJC_MSGSEND = YES;
				ENABLE_TESTABILITY = YES;
				GCC_C_LANGUAGE_STANDARD = gnu11;
				GCC_DYNAMIC_NO_PIC = NO;
				GCC_NO_COMMON_BLOCKS = YES;
				GCC_OPTIMIZATION_LEVEL = 0;
				GCC_PREPROCESSOR_DEFINITIONS = (
					"DEBUG=1",
					"$(inherited)",
				);
				GCC_WARN_64_TO_32_BIT_CONVERSION = YES;
				GCC_WARN_ABOUT_RETURN_TYPE = YES_ERROR;
				GCC_WARN_UNDECLARED_SELECTOR = YES;
				GCC_WARN_UNINITIALIZED_AUTOS = YES_AGGRESSIVE;
				GCC_WARN_UNUSED_FUNCTION = YES;
				GCC_WARN_UNUSED_VARIABLE = YES;
				IPHONEOS_DEPLOYMENT_TARGET = 14.3;
				MTL_ENABLE_DEBUG_INFO = INCLUDE_SOURCE;
				MTL_FAST_MATH = YES;
				ONLY_ACTIVE_ARCH = YES;
				SDKROOT = iphoneos;
				SWIFT_ACTIVE_COMPILATION_CONDITIONS = DEBUG;
				SWIFT_OPTIMIZATION_LEVEL = "-Onone";
			};
			name = Debug;
		};
		04DF31EA2679C157007F2980 /* Release */ = {
			isa = XCBuildConfiguration;
			buildSettings = {
				ALWAYS_SEARCH_USER_PATHS = NO;
				CLANG_ANALYZER_NONNULL = YES;
				CLANG_ANALYZER_NUMBER_OBJECT_CONVERSION = YES_AGGRESSIVE;
				CLANG_CXX_LANGUAGE_STANDARD = "gnu++14";
				CLANG_CXX_LIBRARY = "libc++";
				CLANG_ENABLE_MODULES = YES;
				CLANG_ENABLE_OBJC_ARC = YES;
				CLANG_ENABLE_OBJC_WEAK = YES;
				CLANG_WARN_BLOCK_CAPTURE_AUTORELEASING = YES;
				CLANG_WARN_BOOL_CONVERSION = YES;
				CLANG_WARN_COMMA = YES;
				CLANG_WARN_CONSTANT_CONVERSION = YES;
				CLANG_WARN_DEPRECATED_OBJC_IMPLEMENTATIONS = YES;
				CLANG_WARN_DIRECT_OBJC_ISA_USAGE = YES_ERROR;
				CLANG_WARN_DOCUMENTATION_COMMENTS = YES;
				CLANG_WARN_EMPTY_BODY = YES;
				CLANG_WARN_ENUM_CONVERSION = YES;
				CLANG_WARN_INFINITE_RECURSION = YES;
				CLANG_WARN_INT_CONVERSION = YES;
				CLANG_WARN_NON_LITERAL_NULL_CONVERSION = YES;
				CLANG_WARN_OBJC_IMPLICIT_RETAIN_SELF = YES;
				CLANG_WARN_OBJC_LITERAL_CONVERSION = YES;
				CLANG_WARN_OBJC_ROOT_CLASS = YES_ERROR;
				CLANG_WARN_QUOTED_INCLUDE_IN_FRAMEWORK_HEADER = YES;
				CLANG_WARN_RANGE_LOOP_ANALYSIS = YES;
				CLANG_WARN_STRICT_PROTOTYPES = YES;
				CLANG_WARN_SUSPICIOUS_MOVE = YES;
				CLANG_WARN_UNGUARDED_AVAILABILITY = YES_AGGRESSIVE;
				CLANG_WARN_UNREACHABLE_CODE = YES;
				CLANG_WARN__DUPLICATE_METHOD_MATCH = YES;
				COPY_PHASE_STRIP = NO;
				DEBUG_INFORMATION_FORMAT = "dwarf-with-dsym";
				ENABLE_NS_ASSERTIONS = NO;
				ENABLE_STRICT_OBJC_MSGSEND = YES;
				GCC_C_LANGUAGE_STANDARD = gnu11;
				GCC_NO_COMMON_BLOCKS = YES;
				GCC_WARN_64_TO_32_BIT_CONVERSION = YES;
				GCC_WARN_ABOUT_RETURN_TYPE = YES_ERROR;
				GCC_WARN_UNDECLARED_SELECTOR = YES;
				GCC_WARN_UNINITIALIZED_AUTOS = YES_AGGRESSIVE;
				GCC_WARN_UNUSED_FUNCTION = YES;
				GCC_WARN_UNUSED_VARIABLE = YES;
				IPHONEOS_DEPLOYMENT_TARGET = 14.3;
				MTL_ENABLE_DEBUG_INFO = NO;
				MTL_FAST_MATH = YES;
				SDKROOT = iphoneos;
				SWIFT_COMPILATION_MODE = wholemodule;
				SWIFT_OPTIMIZATION_LEVEL = "-O";
				VALIDATE_PRODUCT = YES;
			};
			name = Release;
		};
		04DF31EC2679C157007F2980 /* Debug */ = {
			isa = XCBuildConfiguration;
			baseConfigurationReference = 58C5C017E4409852CDED3E1D /* Pods-myApp.debug.xcconfig */;
			buildSettings = {
				ASSETCATALOG_COMPILER_APPICON_NAME = AppIcon;
				ASSETCATALOG_COMPILER_GLOBAL_ACCENT_COLOR_NAME = AccentColor;
				CODE_SIGN_STYLE = Automatic;
				INFOPLIST_FILE = myApp/Info.plist;
				LD_RUNPATH_SEARCH_PATHS = (
					"$(inherited)",
					"@executable_path/Frameworks",
				);
				PRODUCT_BUNDLE_IDENTIFIER = com.mydemo.myApp;
				PRODUCT_NAME = "$(TARGET_NAME)";
				SWIFT_VERSION = 5.0;
				TARGETED_DEVICE_FAMILY = "1,2";
			};
			name = Debug;
		};
		04DF31ED2679C157007F2980 /* Release */ = {
			isa = XCBuildConfiguration;
			baseConfigurationReference = F4FAB8BD24AE9109383CBBE0 /* Pods-myApp.release.xcconfig */;
			buildSettings = {
				ASSETCATALOG_COMPILER_APPICON_NAME = AppIcon;
				ASSETCATALOG_COMPILER_GLOBAL_ACCENT_COLOR_NAME = AccentColor;
				CODE_SIGN_STYLE = Automatic;
				INFOPLIST_FILE = myApp/Info.plist;
				LD_RUNPATH_SEARCH_PATHS = (
					"$(inherited)",
					"@executable_path/Frameworks",
				);
				PRODUCT_BUNDLE_IDENTIFIER = com.mydemo.myApp;
				PRODUCT_NAME = "$(TARGET_NAME)";
				SWIFT_VERSION = 5.0;
				TARGETED_DEVICE_FAMILY = "1,2";
			};
			name = Release;
		};
		04DF31EF2679C157007F2980 /* Debug */ = {
			isa = XCBuildConfiguration;
			baseConfigurationReference = 1BA8C039D96119D13ABA60C8 /* Pods-myAppTests.debug.xcconfig */;
			buildSettings = {
				ALWAYS_EMBED_SWIFT_STANDARD_LIBRARIES = YES;
				BUNDLE_LOADER = "$(TEST_HOST)";
				CODE_SIGN_STYLE = Automatic;
				INFOPLIST_FILE = myAppTests/Info.plist;
				IPHONEOS_DEPLOYMENT_TARGET = 14.3;
				LD_RUNPATH_SEARCH_PATHS = (
					"$(inherited)",
					"@executable_path/Frameworks",
					"@loader_path/Frameworks",
				);
				PRODUCT_BUNDLE_IDENTIFIER = com.mydemo.myAppTests;
				PRODUCT_NAME = "$(TARGET_NAME)";
				SWIFT_VERSION = 5.0;
				TARGETED_DEVICE_FAMILY = "1,2";
				TEST_HOST = "$(BUILT_PRODUCTS_DIR)/myApp.app/myApp";
			};
			name = Debug;
		};
		04DF31F02679C157007F2980 /* Release */ = {
			isa = XCBuildConfiguration;
			baseConfigurationReference = 2F6C025CA23A02D9E7351BED /* Pods-myAppTests.release.xcconfig */;
			buildSettings = {
				ALWAYS_EMBED_SWIFT_STANDARD_LIBRARIES = YES;
				BUNDLE_LOADER = "$(TEST_HOST)";
				CODE_SIGN_STYLE = Automatic;
				INFOPLIST_FILE = myAppTests/Info.plist;
				IPHONEOS_DEPLOYMENT_TARGET = 14.3;
				LD_RUNPATH_SEARCH_PATHS = (
					"$(inherited)",
					"@executable_path/Frameworks",
					"@loader_path/Frameworks",
				);
				PRODUCT_BUNDLE_IDENTIFIER = com.mydemo.myAppTests;
				PRODUCT_NAME = "$(TARGET_NAME)";
				SWIFT_VERSION = 5.0;
				TARGETED_DEVICE_FAMILY = "1,2";
				TEST_HOST = "$(BUILT_PRODUCTS_DIR)/myApp.app/myApp";
			};
			name = Release;
		};
		04DF31F22679C157007F2980 /* Debug */ = {
			isa = XCBuildConfiguration;
			baseConfigurationReference = FE9C5D542C8C61FA21109B75 /* Pods-myApp-myAppUITests.debug.xcconfig */;
			buildSettings = {
				ALWAYS_EMBED_SWIFT_STANDARD_LIBRARIES = YES;
				CODE_SIGN_STYLE = Automatic;
				INFOPLIST_FILE = myAppUITests/Info.plist;
				LD_RUNPATH_SEARCH_PATHS = (
					"$(inherited)",
					"@executable_path/Frameworks",
					"@loader_path/Frameworks",
				);
				PRODUCT_BUNDLE_IDENTIFIER = com.mydemo.myAppUITests;
				PRODUCT_NAME = "$(TARGET_NAME)";
				SWIFT_VERSION = 5.0;
				TARGETED_DEVICE_FAMILY = "1,2";
				TEST_TARGET_NAME = myApp;
			};
			name = Debug;
		};
		04DF31F32679C157007F2980 /* Release */ = {
			isa = XCBuildConfiguration;
			baseConfigurationReference = 21A38D7D92303FCFC21B0669 /* Pods-myApp-myAppUITests.release.xcconfig */;
			buildSettings = {
				ALWAYS_EMBED_SWIFT_STANDARD_LIBRARIES = YES;
				CODE_SIGN_STYLE = Automatic;
				INFOPLIST_FILE = myAppUITests/Info.plist;
				LD_RUNPATH_SEARCH_PATHS = (
					"$(inherited)",
					"@executable_path/Frameworks",
					"@loader_path/Frameworks",
				);
				PRODUCT_BUNDLE_IDENTIFIER = com.mydemo.myAppUITests;
				PRODUCT_NAME = "$(TARGET_NAME)";
				SWIFT_VERSION = 5.0;
				TARGETED_DEVICE_FAMILY = "1,2";
				TEST_TARGET_NAME = myApp;
			};
			name = Release;
		};
/* End XCBuildConfiguration section */

/* Begin XCConfigurationList section */
		04DF31B92679C155007F2980 /* Build configuration list for PBXProject "myApp" */ = {
			isa = XCConfigurationList;
			buildConfigurations = (
				04DF31E92679C157007F2980 /* Debug */,
				04DF31EA2679C157007F2980 /* Release */,
			);
			defaultConfigurationIsVisible = 0;
			defaultConfigurationName = Release;
		};
		04DF31EB2679C157007F2980 /* Build configuration list for PBXNativeTarget "myApp" */ = {
			isa = XCConfigurationList;
			buildConfigurations = (
				04DF31EC2679C157007F2980 /* Debug */,
				04DF31ED2679C157007F2980 /* Release */,
			);
			defaultConfigurationIsVisible = 0;
			defaultConfigurationName = Release;
		};
		04DF31EE2679C157007F2980 /* Build configuration list for PBXNativeTarget "myAppTests" */ = {
			isa = XCConfigurationList;
			buildConfigurations = (
				04DF31EF2679C157007F2980 /* Debug */,
				04DF31F02679C157007F2980 /* Release */,
			);
			defaultConfigurationIsVisible = 0;
			defaultConfigurationName = Release;
		};
		04DF31F12679C157007F2980 /* Build configuration list for PBXNativeTarget "myAppUITests" */ = {
			isa = XCConfigurationList;
			buildConfigurations = (
				04DF31F22679C157007F2980 /* Debug */,
				04DF31F32679C157007F2980 /* Release */,
			);
			defaultConfigurationIsVisible = 0;
			defaultConfigurationName = Release;
		};
/* End XCConfigurationList section */

/* Begin XCVersionGroup section */
		04DF31CA2679C155007F2980 /* myApp.xcdatamodeld */ = {
			isa = XCVersionGroup;
			children = (
				04DF31CB2679C155007F2980 /* myApp.xcdatamodel */,
			);
			currentVersion = 04DF31CB2679C155007F2980 /* myApp.xcdatamodel */;
			path = myApp.xcdatamodeld;
			sourceTree = "<group>";
			versionGroupType = wrapper.xcdatamodel;
		};
/* End XCVersionGroup section */
	};
	rootObject = 04DF31B62679C155007F2980 /* Project object */;
}
